// !$*UTF8*$!
{
	archiveVersion = 1;
	classes = {
	};
	objectVersion = 48;
	objects = {

/* Begin PBXBuildFile section */
		A23769A9200F0469001EB6C7 /* AppDelegate.swift in Sources */ = {isa = PBXBuildFile; fileRef = A23769A8200F0469001EB6C7 /* AppDelegate.swift */; };
		A23769AB200F0469001EB6C7 /* ViewController.swift in Sources */ = {isa = PBXBuildFile; fileRef = A23769AA200F0469001EB6C7 /* ViewController.swift */; };
		A23769AE200F0469001EB6C7 /* Main.storyboard in Resources */ = {isa = PBXBuildFile; fileRef = A23769AC200F0469001EB6C7 /* Main.storyboard */; };
		A23769B1200F0469001EB6C7 /* WifiTestiOS11.xcdatamodeld in Sources */ = {isa = PBXBuildFile; fileRef = A23769AF200F0469001EB6C7 /* WifiTestiOS11.xcdatamodeld */; };
		A23769B3200F0469001EB6C7 /* Assets.xcassets in Resources */ = {isa = PBXBuildFile; fileRef = A23769B2200F0469001EB6C7 /* Assets.xcassets */; };
		A23769B6200F0469001EB6C7 /* LaunchScreen.storyboard in Resources */ = {isa = PBXBuildFile; fileRef = A23769B4200F0469001EB6C7 /* LaunchScreen.storyboard */; };
		A23769C0200F05B7001EB6C7 /* NetworkExtension.framework in Frameworks */ = {isa = PBXBuildFile; fileRef = A23769BF200F05B7001EB6C7 /* NetworkExtension.framework */; };
/* End PBXBuildFile section */

/* Begin PBXFileReference section */
		A23769A5200F0469001EB6C7 /* WifiTestiOS11.app */ = {isa = PBXFileReference; explicitFileType = wrapper.application; includeInIndex = 0; path = WifiTestiOS11.app; sourceTree = BUILT_PRODUCTS_DIR; };
		A23769A8200F0469001EB6C7 /* AppDelegate.swift */ = {isa = PBXFileReference; lastKnownFileType = sourcecode.swift; path = AppDelegate.swift; sourceTree = "<group>"; };
		A23769AA200F0469001EB6C7 /* ViewController.swift */ = {isa = PBXFileReference; lastKnownFileType = sourcecode.swift; path = ViewController.swift; sourceTree = "<group>"; };
		A23769AD200F0469001EB6C7 /* Base */ = {isa = PBXFileReference; lastKnownFileType = file.storyboard; name = Base; path = Base.lproj/Main.storyboard; sourceTree = "<group>"; };
		A23769B0200F0469001EB6C7 /* WifiTestiOS11.xcdatamodel */ = {isa = PBXFileReference; lastKnownFileType = wrapper.xcdatamodel; path = WifiTestiOS11.xcdatamodel; sourceTree = "<group>"; };
		A23769B2200F0469001EB6C7 /* Assets.xcassets */ = {isa = PBXFileReference; lastKnownFileType = folder.assetcatalog; path = Assets.xcassets; sourceTree = "<group>"; };
		A23769B5200F0469001EB6C7 /* Base */ = {isa = PBXFileReference; lastKnownFileType = file.storyboard; name = Base; path = Base.lproj/LaunchScreen.storyboard; sourceTree = "<group>"; };
		A23769B7200F0469001EB6C7 /* Info.plist */ = {isa = PBXFileReference; lastKnownFileType = text.plist.xml; path = Info.plist; sourceTree = "<group>"; };
		A23769BD200F05B7001EB6C7 /* WifiTestiOS11.entitlements */ = {isa = PBXFileReference; lastKnownFileType = text.plist.entitlements; path = WifiTestiOS11.entitlements; sourceTree = "<group>"; };
		A23769BF200F05B7001EB6C7 /* NetworkExtension.framework */ = {isa = PBXFileReference; lastKnownFileType = wrapper.framework; name = NetworkExtension.framework; path = System/Library/Frameworks/NetworkExtension.framework; sourceTree = SDKROOT; };
/* End PBXFileReference section */

/* Begin PBXFrameworksBuildPhase section */
		A23769A2200F0469001EB6C7 /* Frameworks */ = {
			isa = PBXFrameworksBuildPhase;
			buildActionMask = 2147483647;
			files = (
				A23769C0200F05B7001EB6C7 /* NetworkExtension.framework in Frameworks */,
			);
			runOnlyForDeploymentPostprocessing = 0;
		};
/* End PBXFrameworksBuildPhase section */

/* Begin PBXGroup section */
		A237699C200F0469001EB6C7 = {
			isa = PBXGroup;
			children = (
				A23769A7200F0469001EB6C7 /* WifiTestiOS11 */,
				A23769A6200F0469001EB6C7 /* Products */,
				A23769BE200F05B7001EB6C7 /* Frameworks */,
			);
			sourceTree = "<group>";
		};
		A23769A6200F0469001EB6C7 /* Products */ = {
			isa = PBXGroup;
			children = (
				A23769A5200F0469001EB6C7 /* WifiTestiOS11.app */,
			);
			name = Products;
			sourceTree = "<group>";
		};
		A23769A7200F0469001EB6C7 /* WifiTestiOS11 */ = {
			isa = PBXGroup;
			children = (
				A23769BD200F05B7001EB6C7 /* WifiTestiOS11.entitlements */,
				A23769A8200F0469001EB6C7 /* AppDelegate.swift */,
				A23769AA200F0469001EB6C7 /* ViewController.swift */,
				A23769AC200F0469001EB6C7 /* Main.storyboard */,
				A23769B2200F0469001EB6C7 /* Assets.xcassets */,
				A23769B4200F0469001EB6C7 /* LaunchScreen.storyboard */,
				A23769B7200F0469001EB6C7 /* Info.plist */,
				A23769AF200F0469001EB6C7 /* WifiTestiOS11.xcdatamodeld */,
			);
			path = WifiTestiOS11;
			sourceTree = "<group>";
		};
		A23769BE200F05B7001EB6C7 /* Frameworks */ = {
			isa = PBXGroup;
			children = (
				A23769BF200F05B7001EB6C7 /* NetworkExtension.framework */,
			);
			name = Frameworks;
			sourceTree = "<group>";
		};
/* End PBXGroup section */

/* Begin PBXNativeTarget section */
		A23769A4200F0469001EB6C7 /* WifiTestiOS11 */ = {
			isa = PBXNativeTarget;
			buildConfigurationList = A23769BA200F0469001EB6C7 /* Build configuration list for PBXNativeTarget "WifiTestiOS11" */;
			buildPhases = (
				A23769A1200F0469001EB6C7 /* Sources */,
				A23769A2200F0469001EB6C7 /* Frameworks */,
				A23769A3200F0469001EB6C7 /* Resources */,
			);
			buildRules = (
			);
			dependencies = (
			);
			name = WifiTestiOS11;
			productName = WifiTestiOS11;
			productReference = A23769A5200F0469001EB6C7 /* WifiTestiOS11.app */;
			productType = "com.apple.product-type.application";
		};
/* End PBXNativeTarget section */

/* Begin PBXProject section */
		A237699D200F0469001EB6C7 /* Project object */ = {
			isa = PBXProject;
			attributes = {
				LastSwiftUpdateCheck = 0900;
				LastUpgradeCheck = 0900;
				ORGANIZATIONNAME = 8locations;
				TargetAttributes = {
					A23769A4200F0469001EB6C7 = {
						CreatedOnToolsVersion = 9.0;
						ProvisioningStyle = Automatic;
						SystemCapabilities = {
							com.apple.HotspotConfiguration = {
								enabled = 1;
							};
						};
					};
				};
			};
			buildConfigurationList = A23769A0200F0469001EB6C7 /* Build configuration list for PBXProject "WifiTestiOS11" */;
			compatibilityVersion = "Xcode 8.0";
			developmentRegion = en;
			hasScannedForEncodings = 0;
			knownRegions = (
				en,
				Base,
			);
			mainGroup = A237699C200F0469001EB6C7;
			productRefGroup = A23769A6200F0469001EB6C7 /* Products */;
			projectDirPath = "";
			projectRoot = "";
			targets = (
				A23769A4200F0469001EB6C7 /* WifiTestiOS11 */,
			);
		};
/* End PBXProject section */

/* Begin PBXResourcesBuildPhase section */
		A23769A3200F0469001EB6C7 /* Resources */ = {
			isa = PBXResourcesBuildPhase;
			buildActionMask = 2147483647;
			files = (
				A23769B6200F0469001EB6C7 /* LaunchScreen.storyboard in Resources */,
				A23769B3200F0469001EB6C7 /* Assets.xcassets in Resources */,
				A23769AE200F0469001EB6C7 /* Main.storyboard in Resources */,
			);
			runOnlyForDeploymentPostprocessing = 0;
		};
/* End PBXResourcesBuildPhase section */

/* Begin PBXSourcesBuildPhase section */
		A23769A1200F0469001EB6C7 /* Sources */ = {
			isa = PBXSourcesBuildPhase;
			buildActionMask = 2147483647;
			files = (
				A23769B1200F0469001EB6C7 /* WifiTestiOS11.xcdatamodeld in Sources */,
				A23769AB200F0469001EB6C7 /* ViewController.swift in Sources */,
				A23769A9200F0469001EB6C7 /* AppDelegate.swift in Sources */,
			);
			runOnlyForDeploymentPostprocessing = 0;
		};
/* End PBXSourcesBuildPhase section */

/* Begin PBXVariantGroup section */
		A23769AC200F0469001EB6C7 /* Main.storyboard */ = {
			isa = PBXVariantGroup;
			children = (
				A23769AD200F0469001EB6C7 /* Base */,
			);
			name = Main.storyboard;
			sourceTree = "<group>";
		};
		A23769B4200F0469001EB6C7 /* LaunchScreen.storyboard */ = {
			isa = PBXVariantGroup;
			children = (
				A23769B5200F0469001EB6C7 /* Base */,
			);
			name = LaunchScreen.storyboard;
			sourceTree = "<group>";
		};
/* End PBXVariantGroup section */

/* Begin XCBuildConfiguration section */
		A23769B8200F0469001EB6C7 /* Debug */ = {
			isa = XCBuildConfiguration;
			buildSettings = {
				ALWAYS_SEARCH_USER_PATHS = NO;
				CLANG_ANALYZER_NONNULL = YES;
				CLANG_ANALYZER_NUMBER_OBJECT_CONVERSION = YES_AGGRESSIVE;
				CLANG_CXX_LANGUAGE_STANDARD = "gnu++14";
				CLANG_CXX_LIBRARY = "libc++";
				CLANG_ENABLE_MODULES = YES;
				CLANG_ENABLE_OBJC_ARC = YES;
				CLANG_WARN_BLOCK_CAPTURE_AUTORELEASING = YES;
				CLANG_WARN_BOOL_CONVERSION = YES;
				CLANG_WARN_COMMA = YES;
				CLANG_WARN_CONSTANT_CONVERSION = YES;
				CLANG_WARN_DIRECT_OBJC_ISA_USAGE = YES_ERROR;
				CLANG_WARN_DOCUMENTATION_COMMENTS = YES;
				CLANG_WARN_EMPTY_BODY = YES;
				CLANG_WARN_ENUM_CONVERSION = YES;
				CLANG_WARN_INFINITE_RECURSION = YES;
				CLANG_WARN_INT_CONVERSION = YES;
				CLANG_WARN_NON_LITERAL_NULL_CONVERSION = YES;
				CLANG_WARN_OBJC_LITERAL_CONVERSION = YES;
				CLANG_WARN_OBJC_ROOT_CLASS = YES_ERROR;
				CLANG_WARN_RANGE_LOOP_ANALYSIS = YES;
				CLANG_WARN_STRICT_PROTOTYPES = YES;
				CLANG_WARN_SUSPICIOUS_MOVE = YES;
				CLANG_WARN_UNGUARDED_AVAILABILITY = YES_AGGRESSIVE;
				CLANG_WARN_UNREACHABLE_CODE = YES;
				CLANG_WARN__DUPLICATE_METHOD_MATCH = YES;
				CODE_SIGN_IDENTITY = "iPhone Developer";
				COPY_PHASE_STRIP = NO;
				DEBUG_INFORMATION_FORMAT = dwarf;
				ENABLE_STRICT_OBJC_MSGSEND = YES;
				ENABLE_TESTABILITY = YES;
				GCC_C_LANGUAGE_STANDARD = gnu11;
				GCC_DYNAMIC_NO_PIC = NO;
				GCC_NO_COMMON_BLOCKS = YES;
				GCC_OPTIMIZATION_LEVEL = 0;
				GCC_PREPROCESSOR_DEFINITIONS = (
					"DEBUG=1",
					"$(inherited)",
				);
				GCC_WARN_64_TO_32_BIT_CONVERSION = YES;
				GCC_WARN_ABOUT_RETURN_TYPE = YES_ERROR;
				GCC_WARN_UNDECLARED_SELECTOR = YES;
				GCC_WARN_UNINITIALIZED_AUTOS = YES_AGGRESSIVE;
				GCC_WARN_UNUSED_FUNCTION = YES;
				GCC_WARN_UNUSED_VARIABLE = YES;
				IPHONEOS_DEPLOYMENT_TARGET = 11.0;
				MTL_ENABLE_DEBUG_INFO = YES;
				ONLY_ACTIVE_ARCH = YES;
				SDKROOT = iphoneos;
				SWIFT_ACTIVE_COMPILATION_CONDITIONS = DEBUG;
				SWIFT_OPTIMIZATION_LEVEL = "-Onone";
			};
			name = Debug;
		};
		A23769B9200F0469001EB6C7 /* Release */ = {
			isa = XCBuildConfiguration;
			buildSettings = {
				ALWAYS_SEARCH_USER_PATHS = NO;
				CLANG_ANALYZER_NONNULL = YES;
				CLANG_ANALYZER_NUMBER_OBJECT_CONVERSION = YES_AGGRESSIVE;
				CLANG_CXX_LANGUAGE_STANDARD = "gnu++14";
				CLANG_CXX_LIBRARY = "libc++";
				CLANG_ENABLE_MODULES = YES;
				CLANG_ENABLE_OBJC_ARC = YES;
				CLANG_WARN_BLOCK_CAPTURE_AUTORELEASING = YES;
				CLANG_WARN_BOOL_CONVERSION = YES;
				CLANG_WARN_COMMA = YES;
				CLANG_WARN_CONSTANT_CONVERSION = YES;
				CLANG_WARN_DIRECT_OBJC_ISA_USAGE = YES_ERROR;
				CLANG_WARN_DOCUMENTATION_COMMENTS = YES;
				CLANG_WARN_EMPTY_BODY = YES;
				CLANG_WARN_ENUM_CONVERSION = YES;
				CLANG_WARN_INFINITE_RECURSION = YES;
				CLANG_WARN_INT_CONVERSION = YES;
				CLANG_WARN_NON_LITERAL_NULL_CONVERSION = YES;
				CLANG_WARN_OBJC_LITERAL_CONVERSION = YES;
				CLANG_WARN_OBJC_ROOT_CLASS = YES_ERROR;
				CLANG_WARN_RANGE_LOOP_ANALYSIS = YES;
				CLANG_WARN_STRICT_PROTOTYPES = YES;
				CLANG_WARN_SUSPICIOUS_MOVE = YES;
				CLANG_WARN_UNGUARDED_AVAILABILITY = YES_AGGRESSIVE;
				CLANG_WARN_UNREACHABLE_CODE = YES;
				CLANG_WARN__DUPLICATE_METHOD_MATCH = YES;
				CODE_SIGN_IDENTITY = "iPhone Developer";
				COPY_PHASE_STRIP = NO;
				DEBUG_INFORMATION_FORMAT = "dwarf-with-dsym";
				ENABLE_NS_ASSERTIONS = NO;
				ENABLE_STRICT_OBJC_MSGSEND = YES;
				GCC_C_LANGUAGE_STANDARD = gnu11;
				GCC_NO_COMMON_BLOCKS = YES;
				GCC_WARN_64_TO_32_BIT_CONVERSION = YES;
				GCC_WARN_ABOUT_RETURN_TYPE = YES_ERROR;
				GCC_WARN_UNDECLARED_SELECTOR = YES;
				GCC_WARN_UNINITIALIZED_AUTOS = YES_AGGRESSIVE;
				GCC_WARN_UNUSED_FUNCTION = YES;
				GCC_WARN_UNUSED_VARIABLE = YES;
				IPHONEOS_DEPLOYMENT_TARGET = 11.0;
				MTL_ENABLE_DEBUG_INFO = NO;
				SDKROOT = iphoneos;
				SWIFT_OPTIMIZATION_LEVEL = "-Owholemodule";
				VALIDATE_PRODUCT = YES;
			};
			name = Release;
		};
		A23769BB200F0469001EB6C7 /* Debug */ = {
			isa = XCBuildConfiguration;
			buildSettings = {
				ASSETCATALOG_COMPILER_APPICON_NAME = AppIcon;
				CODE_SIGN_ENTITLEMENTS = WifiTestiOS11/WifiTestiOS11.entitlements;
				CODE_SIGN_STYLE = Automatic;
				DEVELOPMENT_TEAM = ETJQSHNP5L;
				INFOPLIST_FILE = WifiTestiOS11/Info.plist;
				LD_RUNPATH_SEARCH_PATHS = "$(inherited) @executable_path/Frameworks";
				PRODUCT_BUNDLE_IDENTIFIER = com.8locations.WifiTestiOS11;
				PRODUCT_NAME = "$(TARGET_NAME)";
				SWIFT_VERSION = 4.0;
				TARGETED_DEVICE_FAMILY = "1,2";
			};
			name = Debug;
		};
		A23769BC200F0469001EB6C7 /* Release */ = {
			isa = XCBuildConfiguration;
			buildSettings = {
				ASSETCATALOG_COMPILER_APPICON_NAME = AppIcon;
				CODE_SIGN_ENTITLEMENTS = WifiTestiOS11/WifiTestiOS11.entitlements;
				CODE_SIGN_STYLE = Automatic;
				DEVELOPMENT_TEAM = ETJQSHNP5L;
				INFOPLIST_FILE = WifiTestiOS11/Info.plist;
				LD_RUNPATH_SEARCH_PATHS = "$(inherited) @executable_path/Frameworks";
				PRODUCT_BUNDLE_IDENTIFIER = com.8locations.WifiTestiOS11;
				PRODUCT_NAME = "$(TARGET_NAME)";
				SWIFT_VERSION = 4.0;
				TARGETED_DEVICE_FAMILY = "1,2";
			};
			name = Release;
		};
/* End XCBuildConfiguration section */

/* Begin XCConfigurationList section */
		A23769A0200F0469001EB6C7 /* Build configuration list for PBXProject "WifiTestiOS11" */ = {
			isa = XCConfigurationList;
			buildConfigurations = (
				A23769B8200F0469001EB6C7 /* Debug */,
				A23769B9200F0469001EB6C7 /* Release */,
			);
			defaultConfigurationIsVisible = 0;
			defaultConfigurationName = Release;
		};
		A23769BA200F0469001EB6C7 /* Build configuration list for PBXNativeTarget "WifiTestiOS11" */ = {
			isa = XCConfigurationList;
			buildConfigurations = (
				A23769BB200F0469001EB6C7 /* Debug */,
				A23769BC200F0469001EB6C7 /* Release */,
			);
			defaultConfigurationIsVisible = 0;
			defaultConfigurationName = Release;
		};
/* End XCConfigurationList section */

/* Begin XCVersionGroup section */
		A23769AF200F0469001EB6C7 /* WifiTestiOS11.xcdatamodeld */ = {
			isa = XCVersionGroup;
			children = (
				A23769B0200F0469001EB6C7 /* WifiTestiOS11.xcdatamodel */,
			);
			currentVersion = A23769B0200F0469001EB6C7 /* WifiTestiOS11.xcdatamodel */;
			path = WifiTestiOS11.xcdatamodeld;
			sourceTree = "<group>";
			versionGroupType = wrapper.xcdatamodel;
		};
/* End XCVersionGroup section */
	};
	rootObject = A237699D200F0469001EB6C7 /* Project object */;
}
